
Microsoft Visual Studio Solution File, Format Version 11.00
# Visual Studio 2010
Project("{2150E333-8FDC-42A3-9474-1A3956D46DE8}") = "Solution Items", "Solution Items", "{29A3E001-145F-4FCD-9D60-FF64B6957738}"
	ProjectSection(SolutionItems) = preProject
		license.txt = license.txt
	EndProjectSection
EndProject
Project("{FAE04EC0-301F-11D3-BF4B-00C04F79EFBC}") = "AppointmentCalendar", "AppointmentCalendar\AppointmentCalendar.csproj", "{2215DA2F-9239-4E8B-9ADE-B3218A3E9CB1}"
EndProject
Project("{FAE04EC0-301F-11D3-BF4B-00C04F79EFBC}") = "Microsoft.Samples.XmlRpc", "..\New folder\Microsoft.Samples.XmlRpc\Microsoft.Samples.XmlRpc.csproj", "{D556D0B7-A193-4610-8DD3-17B715F2C868}"
EndProject
Global
	GlobalSection(TestCaseManagementSettings) = postSolution
		CategoryFile = ConnectivityServices.vsmdi
	EndGlobalSection
	GlobalSection(SolutionConfigurationPlatforms) = preSolution
		Debug|Any CPU = Debug|Any CPU
		Debug|Mixed Platforms = Debug|Mixed Platforms
		Debug|x86 = Debug|x86
		Release|Any CPU = Release|Any CPU
		Release|Mixed Platforms = Release|Mixed Platforms
		Release|x86 = Release|x86
	EndGlobalSection
	GlobalSection(ProjectConfigurationPlatforms) = postSolution
		{2215DA2F-9239-4E8B-9ADE-B3218A3E9CB1}.Debug|Any CPU.ActiveCfg = Debug|x86
		{2215DA2F-9239-4E8B-9ADE-B3218A3E9CB1}.Debug|Mixed Platforms.ActiveCfg = Debug|x86
		{2215DA2F-9239-4E8B-9ADE-B3218A3E9CB1}.Debug|Mixed Platforms.Build.0 = Debug|x86
		{2215DA2F-9239-4E8B-9ADE-B3218A3E9CB1}.Debug|x86.ActiveCfg = Debug|x86
		{2215DA2F-9239-4E8B-9ADE-B3218A3E9CB1}.Debug|x86.Build.0 = Debug|x86
		{2215DA2F-9239-4E8B-9ADE-B3218A3E9CB1}.Release|Any CPU.ActiveCfg = Release|x86
		{2215DA2F-9239-4E8B-9ADE-B3218A3E9CB1}.Release|Mixed Platforms.ActiveCfg = Release|x86
		{2215DA2F-9239-4E8B-9ADE-B3218A3E9CB1}.Release|Mixed Platforms.Build.0 = Release|x86
		{2215DA2F-9239-4E8B-9ADE-B3218A3E9CB1}.Release|x86.ActiveCfg = Release|x86
		{2215DA2F-9239-4E8B-9ADE-B3218A3E9CB1}.Release|x86.Build.0 = Release|x86
		{D556D0B7-A193-4610-8DD3-17B715F2C868}.Debug|Any CPU.ActiveCfg = Debug|Any CPU
		{D556D0B7-A193-4610-8DD3-17B715F2C868}.Debug|Any CPU.Build.0 = Debug|Any CPU
		{D556D0B7-A193-4610-8DD3-17B715F2C868}.Debug|Mixed Platforms.ActiveCfg = Debug|Any CPU
		{D556D0B7-A193-4610-8DD3-17B715F2C868}.Debug|Mixed Platforms.Build.0 = Debug|Any CPU
		{D556D0B7-A193-4610-8DD3-17B715F2C868}.Debug|x86.ActiveCfg = Debug|Any CPU
		{D556D0B7-A193-4610-8DD3-17B715F2C868}.Release|Any CPU.ActiveCfg = Release|Any CPU
		{D556D0B7-A193-4610-8DD3-17B715F2C868}.Release|Any CPU.Build.0 = Release|Any CPU
		{D556D0B7-A193-4610-8DD3-17B715F2C868}.Release|Mixed Platforms.ActiveCfg = Release|Any CPU
		{D556D0B7-A193-4610-8DD3-17B715F2C868}.Release|Mixed Platforms.Build.0 = Release|Any CPU
		{D556D0B7-A193-4610-8DD3-17B715F2C868}.Release|x86.ActiveCfg = Release|Any CPU
	EndGlobalSection
	GlobalSection(SolutionProperties) = preSolution
		HideSolutionNode = FALSE
	EndGlobalSection
EndGlobal
